// !$*UTF8*$!
{
	archiveVersion = 1;
	classes = {
	};
	objectVersion = 50;
	objects = {

/* Begin PBXBuildFile section */
		3CA45C2925A7A2EA00D72F3E /* CardView.swift in Sources */ = {isa = PBXBuildFile; fileRef = 3CA45C2825A7A2EA00D72F3E /* CardView.swift */; };
		3CCCCF5C25A4DB330086DE1D /* spy_gameApp.swift in Sources */ = {isa = PBXBuildFile; fileRef = 3CCCCF5B25A4DB330086DE1D /* spy_gameApp.swift */; };
		3CCCCF5E25A4DB330086DE1D /* ContentView.swift in Sources */ = {isa = PBXBuildFile; fileRef = 3CCCCF5D25A4DB330086DE1D /* ContentView.swift */; };
		3CCCCF6025A4DB3A0086DE1D /* Assets.xcassets in Resources */ = {isa = PBXBuildFile; fileRef = 3CCCCF5F25A4DB3A0086DE1D /* Assets.xcassets */; };
		3CCCCF6325A4DB3A0086DE1D /* Preview Assets.xcassets in Resources */ = {isa = PBXBuildFile; fileRef = 3CCCCF6225A4DB3A0086DE1D /* Preview Assets.xcassets */; };
		3CCCCF6C25A4DBD70086DE1D /* PlayerModel.swift in Sources */ = {isa = PBXBuildFile; fileRef = 3CCCCF6B25A4DBD70086DE1D /* PlayerModel.swift */; };
		3CCCCF6F25A4DC350086DE1D /* ViewModel.swift in Sources */ = {isa = PBXBuildFile; fileRef = 3CCCCF6E25A4DC350086DE1D /* ViewModel.swift */; };
		3CCCCF7225A4E0320086DE1D /* LocationModel.swift in Sources */ = {isa = PBXBuildFile; fileRef = 3CCCCF7125A4E0320086DE1D /* LocationModel.swift */; };
		3CCCCF7825A4E33F0086DE1D /* GameSettingsView.swift in Sources */ = {isa = PBXBuildFile; fileRef = 3CCCCF7725A4E33F0086DE1D /* GameSettingsView.swift */; };
		3CCCCF7D25A4EE190086DE1D /* GameView.swift in Sources */ = {isa = PBXBuildFile; fileRef = 3CCCCF7C25A4EE190086DE1D /* GameView.swift */; };
/* End PBXBuildFile section */

/* Begin PBXFileReference section */
		3CA45C2825A7A2EA00D72F3E /* CardView.swift */ = {isa = PBXFileReference; lastKnownFileType = sourcecode.swift; path = CardView.swift; sourceTree = "<group>"; };
		3CCCCF5825A4DB330086DE1D /* spy game.app */ = {isa = PBXFileReference; explicitFileType = wrapper.application; includeInIndex = 0; path = "spy game.app"; sourceTree = BUILT_PRODUCTS_DIR; };
		3CCCCF5B25A4DB330086DE1D /* spy_gameApp.swift */ = {isa = PBXFileReference; lastKnownFileType = sourcecode.swift; path = spy_gameApp.swift; sourceTree = "<group>"; };
		3CCCCF5D25A4DB330086DE1D /* ContentView.swift */ = {isa = PBXFileReference; lastKnownFileType = sourcecode.swift; path = ContentView.swift; sourceTree = "<group>"; };
		3CCCCF5F25A4DB3A0086DE1D /* Assets.xcassets */ = {isa = PBXFileReference; lastKnownFileType = folder.assetcatalog; path = Assets.xcassets; sourceTree = "<group>"; };
		3CCCCF6225A4DB3A0086DE1D /* Preview Assets.xcassets */ = {isa = PBXFileReference; lastKnownFileType = folder.assetcatalog; path = "Preview Assets.xcassets"; sourceTree = "<group>"; };
		3CCCCF6425A4DB3A0086DE1D /* Info.plist */ = {isa = PBXFileReference; lastKnownFileType = text.plist.xml; path = Info.plist; sourceTree = "<group>"; };
		3CCCCF6B25A4DBD70086DE1D /* PlayerModel.swift */ = {isa = PBXFileReference; lastKnownFileType = sourcecode.swift; path = PlayerModel.swift; sourceTree = "<group>"; };
		3CCCCF6E25A4DC350086DE1D /* ViewModel.swift */ = {isa = PBXFileReference; lastKnownFileType = sourcecode.swift; path = ViewModel.swift; sourceTree = "<group>"; };
		3CCCCF7125A4E0320086DE1D /* LocationModel.swift */ = {isa = PBXFileReference; lastKnownFileType = sourcecode.swift; path = LocationModel.swift; sourceTree = "<group>"; };
		3CCCCF7725A4E33F0086DE1D /* GameSettingsView.swift */ = {isa = PBXFileReference; lastKnownFileType = sourcecode.swift; path = GameSettingsView.swift; sourceTree = "<group>"; };
		3CCCCF7C25A4EE190086DE1D /* GameView.swift */ = {isa = PBXFileReference; lastKnownFileType = sourcecode.swift; path = GameView.swift; sourceTree = "<group>"; };
/* End PBXFileReference section */

/* Begin PBXFrameworksBuildPhase section */
		3CCCCF5525A4DB330086DE1D /* Frameworks */ = {
			isa = PBXFrameworksBuildPhase;
			buildActionMask = 2147483647;
			files = (
			);
			runOnlyForDeploymentPostprocessing = 0;
		};
/* End PBXFrameworksBuildPhase section */

/* Begin PBXGroup section */
		3CCCCF4F25A4DB330086DE1D = {
			isa = PBXGroup;
			children = (
				3CCCCF5A25A4DB330086DE1D /* spy game */,
				3CCCCF5925A4DB330086DE1D /* Products */,
			);
			sourceTree = "<group>";
		};
		3CCCCF5925A4DB330086DE1D /* Products */ = {
			isa = PBXGroup;
			children = (
				3CCCCF5825A4DB330086DE1D /* spy game.app */,
			);
			name = Products;
			sourceTree = "<group>";
		};
		3CCCCF5A25A4DB330086DE1D /* spy game */ = {
			isa = PBXGroup;
			children = (
				3CCCCF5B25A4DB330086DE1D /* spy_gameApp.swift */,
				3CCCCF7525A4E3120086DE1D /* View */,
				3CCCCF7625A4E31F0086DE1D /* ViewModel */,
				3CCCCF7425A4E3030086DE1D /* Model */,
				3CCCCF5F25A4DB3A0086DE1D /* Assets.xcassets */,
				3CCCCF6425A4DB3A0086DE1D /* Info.plist */,
				3CCCCF6125A4DB3A0086DE1D /* Preview Content */,
			);
			path = "spy game";
			sourceTree = "<group>";
		};
		3CCCCF6125A4DB3A0086DE1D /* Preview Content */ = {
			isa = PBXGroup;
			children = (
				3CCCCF6225A4DB3A0086DE1D /* Preview Assets.xcassets */,
			);
			path = "Preview Content";
			sourceTree = "<group>";
		};
		3CCCCF7425A4E3030086DE1D /* Model */ = {
			isa = PBXGroup;
			children = (
				3CCCCF7125A4E0320086DE1D /* LocationModel.swift */,
				3CCCCF6B25A4DBD70086DE1D /* PlayerModel.swift */,
			);
			path = Model;
			sourceTree = "<group>";
		};
		3CCCCF7525A4E3120086DE1D /* View */ = {
			isa = PBXGroup;
			children = (
				3CCCCF5D25A4DB330086DE1D /* ContentView.swift */,
				3CCCCF7725A4E33F0086DE1D /* GameSettingsView.swift */,
				3CA45C2825A7A2EA00D72F3E /* CardView.swift */,
				3CCCCF7C25A4EE190086DE1D /* GameView.swift */,
			);
			path = View;
			sourceTree = "<group>";
		};
		3CCCCF7625A4E31F0086DE1D /* ViewModel */ = {
			isa = PBXGroup;
			children = (
				3CCCCF6E25A4DC350086DE1D /* ViewModel.swift */,
			);
			path = ViewModel;
			sourceTree = "<group>";
		};
/* End PBXGroup section */

/* Begin PBXNativeTarget section */
		3CCCCF5725A4DB330086DE1D /* spy game */ = {
			isa = PBXNativeTarget;
			buildConfigurationList = 3CCCCF6725A4DB3B0086DE1D /* Build configuration list for PBXNativeTarget "spy game" */;
			buildPhases = (
				3CCCCF5425A4DB330086DE1D /* Sources */,
				3CCCCF5525A4DB330086DE1D /* Frameworks */,
				3CCCCF5625A4DB330086DE1D /* Resources */,
			);
			buildRules = (
			);
			dependencies = (
			);
			name = "spy game";
			productName = "spy game";
			productReference = 3CCCCF5825A4DB330086DE1D /* spy game.app */;
			productType = "com.apple.product-type.application";
		};
/* End PBXNativeTarget section */

/* Begin PBXProject section */
		3CCCCF5025A4DB330086DE1D /* Project object */ = {
			isa = PBXProject;
			attributes = {
				LastSwiftUpdateCheck = 1230;
				LastUpgradeCheck = 1230;
				TargetAttributes = {
					3CCCCF5725A4DB330086DE1D = {
						CreatedOnToolsVersion = 12.3;
					};
				};
			};
			buildConfigurationList = 3CCCCF5325A4DB330086DE1D /* Build configuration list for PBXProject "spy game" */;
			compatibilityVersion = "Xcode 9.3";
			developmentRegion = en;
			hasScannedForEncodings = 0;
			knownRegions = (
				en,
				Base,
			);
			mainGroup = 3CCCCF4F25A4DB330086DE1D;
			productRefGroup = 3CCCCF5925A4DB330086DE1D /* Products */;
			projectDirPath = "";
			projectRoot = "";
			targets = (
				3CCCCF5725A4DB330086DE1D /* spy game */,
			);
		};
/* End PBXProject section */

/* Begin PBXResourcesBuildPhase section */
		3CCCCF5625A4DB330086DE1D /* Resources */ = {
			isa = PBXResourcesBuildPhase;
			buildActionMask = 2147483647;
			files = (
				3CCCCF6325A4DB3A0086DE1D /* Preview Assets.xcassets in Resources */,
				3CCCCF6025A4DB3A0086DE1D /* Assets.xcassets in Resources */,
			);
			runOnlyForDeploymentPostprocessing = 0;
		};
/* End PBXResourcesBuildPhase section */

/* Begin PBXSourcesBuildPhase section */
		3CCCCF5425A4DB330086DE1D /* Sources */ = {
			isa = PBXSourcesBuildPhase;
			buildActionMask = 2147483647;
			files = (
				3CCCCF6C25A4DBD70086DE1D /* PlayerModel.swift in Sources */,
				3CCCCF5E25A4DB330086DE1D /* ContentView.swift in Sources */,
				3CCCCF6F25A4DC350086DE1D /* ViewModel.swift in Sources */,
				3CCCCF7225A4E0320086DE1D /* LocationModel.swift in Sources */,
				3CCCCF5C25A4DB330086DE1D /* spy_gameApp.swift in Sources */,
				3CCCCF7825A4E33F0086DE1D /* GameSettingsView.swift in Sources */,
				3CA45C2925A7A2EA00D72F3E /* CardView.swift in Sources */,
				3CCCCF7D25A4EE190086DE1D /* GameView.swift in Sources */,
			);
			runOnlyForDeploymentPostprocessing = 0;
		};
/* End PBXSourcesBuildPhase section */

/* Begin XCBuildConfiguration section */
		3CCCCF6525A4DB3A0086DE1D /* Debug */ = {
			isa = XCBuildConfiguration;
			buildSettings = {
				ALWAYS_SEARCH_USER_PATHS = NO;
				CLANG_ANALYZER_NONNULL = YES;
				CLANG_ANALYZER_NUMBER_OBJECT_CONVERSION = YES_AGGRESSIVE;
				CLANG_CXX_LANGUAGE_STANDARD = "gnu++14";
				CLANG_CXX_LIBRARY = "libc++";
				CLANG_ENABLE_MODULES = YES;
				CLANG_ENABLE_OBJC_ARC = YES;
				CLANG_ENABLE_OBJC_WEAK = YES;
				CLANG_WARN_BLOCK_CAPTURE_AUTORELEASING = YES;
				CLANG_WARN_BOOL_CONVERSION = YES;
				CLANG_WARN_COMMA = YES;
				CLANG_WARN_CONSTANT_CONVERSION = YES;
				CLANG_WARN_DEPRECATED_OBJC_IMPLEMENTATIONS = YES;
				CLANG_WARN_DIRECT_OBJC_ISA_USAGE = YES_ERROR;
				CLANG_WARN_DOCUMENTATION_COMMENTS = YES;
				CLANG_WARN_EMPTY_BODY = YES;
				CLANG_WARN_ENUM_CONVERSION = YES;
				CLANG_WARN_INFINITE_RECURSION = YES;
				CLANG_WARN_INT_CONVERSION = YES;
				CLANG_WARN_NON_LITERAL_NULL_CONVERSION = YES;
				CLANG_WARN_OBJC_IMPLICIT_RETAIN_SELF = YES;
				CLANG_WARN_OBJC_LITERAL_CONVERSION = YES;
				CLANG_WARN_OBJC_ROOT_CLASS = YES_ERROR;
				CLANG_WARN_QUOTED_INCLUDE_IN_FRAMEWORK_HEADER = YES;
				CLANG_WARN_RANGE_LOOP_ANALYSIS = YES;
				CLANG_WARN_STRICT_PROTOTYPES = YES;
				CLANG_WARN_SUSPICIOUS_MOVE = YES;
				CLANG_WARN_UNGUARDED_AVAILABILITY = YES_AGGRESSIVE;
				CLANG_WARN_UNREACHABLE_CODE = YES;
				CLANG_WARN__DUPLICATE_METHOD_MATCH = YES;
				COPY_PHASE_STRIP = NO;
				DEBUG_INFORMATION_FORMAT = dwarf;
				ENABLE_STRICT_OBJC_MSGSEND = YES;
				ENABLE_TESTABILITY = YES;
				GCC_C_LANGUAGE_STANDARD = gnu11;
				GCC_DYNAMIC_NO_PIC = NO;
				GCC_NO_COMMON_BLOCKS = YES;
				GCC_OPTIMIZATION_LEVEL = 0;
				GCC_PREPROCESSOR_DEFINITIONS = (
					"DEBUG=1",
					"$(inherited)",
				);
				GCC_WARN_64_TO_32_BIT_CONVERSION = YES;
				GCC_WARN_ABOUT_RETURN_TYPE = YES_ERROR;
				GCC_WARN_UNDECLARED_SELECTOR = YES;
				GCC_WARN_UNINITIALIZED_AUTOS = YES_AGGRESSIVE;
				GCC_WARN_UNUSED_FUNCTION = YES;
				GCC_WARN_UNUSED_VARIABLE = YES;
				IPHONEOS_DEPLOYMENT_TARGET = 14.3;
				MTL_ENABLE_DEBUG_INFO = INCLUDE_SOURCE;
				MTL_FAST_MATH = YES;
				ONLY_ACTIVE_ARCH = YES;
				SDKROOT = iphoneos;
				SWIFT_ACTIVE_COMPILATION_CONDITIONS = DEBUG;
				SWIFT_OPTIMIZATION_LEVEL = "-Onone";
			};
			name = Debug;
		};
		3CCCCF6625A4DB3B0086DE1D /* Release */ = {
			isa = XCBuildConfiguration;
			buildSettings = {
				ALWAYS_SEARCH_USER_PATHS = NO;
				CLANG_ANALYZER_NONNULL = YES;
				CLANG_ANALYZER_NUMBER_OBJECT_CONVERSION = YES_AGGRESSIVE;
				CLANG_CXX_LANGUAGE_STANDARD = "gnu++14";
				CLANG_CXX_LIBRARY = "libc++";
				CLANG_ENABLE_MODULES = YES;
				CLANG_ENABLE_OBJC_ARC = YES;
				CLANG_ENABLE_OBJC_WEAK = YES;
				CLANG_WARN_BLOCK_CAPTURE_AUTORELEASING = YES;
				CLANG_WARN_BOOL_CONVERSION = YES;
				CLANG_WARN_COMMA = YES;
				CLANG_WARN_CONSTANT_CONVERSION = YES;
				CLANG_WARN_DEPRECATED_OBJC_IMPLEMENTATIONS = YES;
				CLANG_WARN_DIRECT_OBJC_ISA_USAGE = YES_ERROR;
				CLANG_WARN_DOCUMENTATION_COMMENTS = YES;
				CLANG_WARN_EMPTY_BODY = YES;
				CLANG_WARN_ENUM_CONVERSION = YES;
				CLANG_WARN_INFINITE_RECURSION = YES;
				CLANG_WARN_INT_CONVERSION = YES;
				CLANG_WARN_NON_LITERAL_NULL_CONVERSION = YES;
				CLANG_WARN_OBJC_IMPLICIT_RETAIN_SELF = YES;
				CLANG_WARN_OBJC_LITERAL_CONVERSION = YES;
				CLANG_WARN_OBJC_ROOT_CLASS = YES_ERROR;
				CLANG_WARN_QUOTED_INCLUDE_IN_FRAMEWORK_HEADER = YES;
				CLANG_WARN_RANGE_LOOP_ANALYSIS = YES;
				CLANG_WARN_STRICT_PROTOTYPES = YES;
				CLANG_WARN_SUSPICIOUS_MOVE = YES;
				CLANG_WARN_UNGUARDED_AVAILABILITY = YES_AGGRESSIVE;
				CLANG_WARN_UNREACHABLE_CODE = YES;
				CLANG_WARN__DUPLICATE_METHOD_MATCH = YES;
				COPY_PHASE_STRIP = NO;
				DEBUG_INFORMATION_FORMAT = "dwarf-with-dsym";
				ENABLE_NS_ASSERTIONS = NO;
				ENABLE_STRICT_OBJC_MSGSEND = YES;
				GCC_C_LANGUAGE_STANDARD = gnu11;
				GCC_NO_COMMON_BLOCKS = YES;
				GCC_WARN_64_TO_32_BIT_CONVERSION = YES;
				GCC_WARN_ABOUT_RETURN_TYPE = YES_ERROR;
				GCC_WARN_UNDECLARED_SELECTOR = YES;
				GCC_WARN_UNINITIALIZED_AUTOS = YES_AGGRESSIVE;
				GCC_WARN_UNUSED_FUNCTION = YES;
				GCC_WARN_UNUSED_VARIABLE = YES;
				IPHONEOS_DEPLOYMENT_TARGET = 14.3;
				MTL_ENABLE_DEBUG_INFO = NO;
				MTL_FAST_MATH = YES;
				SDKROOT = iphoneos;
				SWIFT_COMPILATION_MODE = wholemodule;
				SWIFT_OPTIMIZATION_LEVEL = "-O";
				VALIDATE_PRODUCT = YES;
			};
			name = Release;
		};
		3CCCCF6825A4DB3B0086DE1D /* Debug */ = {
			isa = XCBuildConfiguration;
			buildSettings = {
				ASSETCATALOG_COMPILER_APPICON_NAME = AppIcon;
				ASSETCATALOG_COMPILER_GLOBAL_ACCENT_COLOR_NAME = AccentColor;
				CODE_SIGN_STYLE = Automatic;
				DEVELOPMENT_ASSET_PATHS = "\"spy game/Preview Content\"";
				DEVELOPMENT_TEAM = PZWVB29HCE;
				ENABLE_PREVIEWS = YES;
				INFOPLIST_FILE = "spy game/Info.plist";
				IPHONEOS_DEPLOYMENT_TARGET = 14.0;
				LD_RUNPATH_SEARCH_PATHS = (
					"$(inherited)",
					"@executable_path/Frameworks",
				);
				PRODUCT_BUNDLE_IDENTIFIER = "com.longjects.spy-game";
				PRODUCT_NAME = "$(TARGET_NAME)";
				SWIFT_VERSION = 5.0;
				TARGETED_DEVICE_FAMILY = "1,2";
			};
			name = Debug;
		};
		3CCCCF6925A4DB3B0086DE1D /* Release */ = {
			isa = XCBuildConfiguration;
			buildSettings = {
				ASSETCATALOG_COMPILER_APPICON_NAME = AppIcon;
				ASSETCATALOG_COMPILER_GLOBAL_ACCENT_COLOR_NAME = AccentColor;
				CODE_SIGN_STYLE = Automatic;
				DEVELOPMENT_ASSET_PATHS = "\"spy game/Preview Content\"";
				DEVELOPMENT_TEAM = PZWVB29HCE;
				ENABLE_PREVIEWS = YES;
				INFOPLIST_FILE = "spy game/Info.plist";
				IPHONEOS_DEPLOYMENT_TARGET = 14.0;
				LD_RUNPATH_SEARCH_PATHS = (
					"$(inherited)",
					"@executable_path/Frameworks",
				);
				PRODUCT_BUNDLE_IDENTIFIER = "com.longjects.spy-game";
				PRODUCT_NAME = "$(TARGET_NAME)";
				SWIFT_VERSION = 5.0;
				TARGETED_DEVICE_FAMILY = "1,2";
			};
			name = Release;
		};
/* End XCBuildConfiguration section */

/* Begin XCConfigurationList section */
		3CCCCF5325A4DB330086DE1D /* Build configuration list for PBXProject "spy game" */ = {
			isa = XCConfigurationList;
			buildConfigurations = (
				3CCCCF6525A4DB3A0086DE1D /* Debug */,
				3CCCCF6625A4DB3B0086DE1D /* Release */,
			);
			defaultConfigurationIsVisible = 0;
			defaultConfigurationName = Release;
		};
		3CCCCF6725A4DB3B0086DE1D /* Build configuration list for PBXNativeTarget "spy game" */ = {
			isa = XCConfigurationList;
			buildConfigurations = (
				3CCCCF6825A4DB3B0086DE1D /* Debug */,
				3CCCCF6925A4DB3B0086DE1D /* Release */,
			);
			defaultConfigurationIsVisible = 0;
			defaultConfigurationName = Release;
		};
/* End XCConfigurationList section */
	};
	rootObject = 3CCCCF5025A4DB330086DE1D /* Project object */;
}
